<?xml version="1.0" encoding="utf-8"?>
<Project ToolsVersion="4.0" xmlns="http://schemas.microsoft.com/developer/msbuild/2003">
  <ItemGroup>
    <Filter Include="Source">
      <UniqueIdentifier>{7149eeed-538a-4efc-9226-727a52510bb6}</UniqueIdentifier>
    </Filter>
    <Filter Include="Include">
      <UniqueIdentifier>{a1ae09d7-07af-42ed-936b-977be544dc04}</UniqueIdentifier>
    </Filter>
    <Filter Include="Externals">
      <UniqueIdentifier>{dfbf5ead-535b-4d8a-b5ce-f44d004db32c}</UniqueIdentifier>
    </Filter>
    <Filter Include="Include\Vulkan">
      <UniqueIdentifier>{1b2ca6b4-fff0-4dc3-9793-e475b796305a}</UniqueIdentifier>
    </Filter>
    <Filter Include="Source\Vulkan">
      <UniqueIdentifier>{e6d9f839-9f63-413f-b33a-3a7c0a45ccee}</UniqueIdentifier>
    </Filter>
  </ItemGroup>
  <ItemGroup>
    <ClCompile Include="Code\Source\Application.cpp">
      <Filter>Source</Filter>
    </ClCompile>
    <ClCompile Include="Code\Source\Renderer\Renderer.cpp">
      <Filter>Source</Filter>
    </ClCompile>
    <ClCompile Include="Code\Source\main.cpp">
      <Filter>Source</Filter>
    </ClCompile>
    <ClCompile Include="Code\Source\Window.cpp">
      <Filter>Source</Filter>
    </ClCompile>
    <ClCompile Include="Code\Source\Contexts\Vulkan\VulkanInstance.cpp">
      <Filter>Source\Vulkan</Filter>
    </ClCompile>
    <ClCompile Include="Code\Source\Contexts\Vulkan\CommandBuffer.cpp">
      <Filter>Source\Vulkan</Filter>
    </ClCompile>
    <ClCompile Include="Code\Source\Contexts\Vulkan\CommandPool.cpp">
      <Filter>Source\Vulkan</Filter>
    </ClCompile>
    <ClCompile Include="Code\Source\Contexts\Vulkan\Framebuffers.cpp">
      <Filter>Source\Vulkan</Filter>
    </ClCompile>
    <ClCompile Include="Code\Source\Contexts\Vulkan\LogicalDevice.cpp">
      <Filter>Source\Vulkan</Filter>
    </ClCompile>
    <ClCompile Include="Code\Source\Contexts\Vulkan\PhysicalDevice.cpp">
      <Filter>Source\Vulkan</Filter>
    </ClCompile>
    <ClCompile Include="Code\Source\Contexts\Vulkan\Swapchain.cpp">
      <Filter>Source\Vulkan</Filter>
    </ClCompile>
    <ClCompile Include="Code\Source\Contexts\Vulkan\ValidationLayers.cpp">
      <Filter>Source\Vulkan</Filter>
    </ClCompile>
    <ClCompile Include="Code\Source\Contexts\Vulkan\VulkanSemaphore.cpp">
      <Filter>Source\Vulkan</Filter>
    </ClCompile>
    <ClCompile Include="Code\Source\Contexts\Vulkan\VulkanSurface.cpp">
      <Filter>Source\Vulkan</Filter>
    </ClCompile>
    <ClCompile Include="Code\Source\Contexts\Vulkan\VulkanFence.cpp">
      <Filter>Source\Vulkan</Filter>
    </ClCompile>
    <ClCompile Include="Code\Source\Contexts\Vulkan\Synchronisation.cpp" />
    <ClCompile Include="Code\Source\Contexts\Vulkan\VulkanShader.cpp" />
    <ClCompile Include="Code\Source\Contexts\Vulkan\VulkanPipeline.cpp" />
    <ClCompile Include="Code\Source\Contexts\OpenGL\OpenGLContext.cpp" />
    <ClCompile Include="Code\Source\Contexts\Vulkan\VulkanContext.cpp" />
    <ClCompile Include="Code\Source\Contexts\DirectX\DirectXContext.cpp" />
  </ItemGroup>
  <ItemGroup>
    <ClInclude Include="Code\Include\Application.hpp">
      <Filter>Include</Filter>
    </ClInclude>
    <ClInclude Include="Code\Include\Renderer\Renderer.hpp">
      <Filter>Include</Filter>
    </ClInclude>
    <ClInclude Include="Code\Include\Window.hpp">
      <Filter>Include</Filter>
    </ClInclude>
    <ClInclude Include="Code\Include\Contexts\Vulkan\VulkanInstance.hpp">
      <Filter>Include\Vulkan</Filter>
    </ClInclude>
    <ClInclude Include="Code\Include\Contexts\Vulkan\Helper.hpp">
      <Filter>Include\Vulkan</Filter>
    </ClInclude>
    <ClInclude Include="Code\Include\Contexts\Vulkan\VulkanSurface.hpp">
      <Filter>Include\Vulkan</Filter>
    </ClInclude>
    <ClInclude Include="Code\Include\Contexts\Vulkan\Swapchain.hpp">
      <Filter>Include\Vulkan</Filter>
    </ClInclude>
    <ClInclude Include="Code\Include\Contexts\Vulkan\ValidationLayers.hpp">
      <Filter>Include\Vulkan</Filter>
    </ClInclude>
    <ClInclude Include="Code\Include\Contexts\Vulkan\VulkanFence.hpp">
      <Filter>Include\Vulkan</Filter>
    </ClInclude>
    <ClInclude Include="Code\Include\Contexts\Vulkan\VulkanImages.hpp">
      <Filter>Include\Vulkan</Filter>
    </ClInclude>
    <ClInclude Include="Code\Include\Contexts\Vulkan\VulkanSemaphore.hpp">
      <Filter>Include\Vulkan</Filter>
    </ClInclude>
    <ClInclude Include="Code\Include\Contexts\Vulkan\PhysicalDevice.hpp">
      <Filter>Include\Vulkan</Filter>
    </ClInclude>
    <ClInclude Include="Code\Include\Contexts\Vulkan\LogicalDevice.hpp">
      <Filter>Include\Vulkan</Filter>
    </ClInclude>
    <ClInclude Include="Code\Include\Contexts\Vulkan\Framebuffers.hpp">
      <Filter>Include\Vulkan</Filter>
    </ClInclude>
    <ClInclude Include="Code\Include\Contexts\Vulkan\CommandPool.hpp">
      <Filter>Include\Vulkan</Filter>
    </ClInclude>
    <ClInclude Include="Code\Include\Contexts\Vulkan\CommandBuffer.hpp">
      <Filter>Include\Vulkan</Filter>
    </ClInclude>
    <ClInclude Include="Code\Include\Contexts\Vulkan\Synchronisation.hpp" />
    <ClInclude Include="Code\Include\Contexts\Vulkan\VulkanShader.hpp" />
    <ClInclude Include="Code\Include\Contexts\Vulkan\VulkanPipeline.hpp" />
    <ClInclude Include="Code\Include\Contexts\RendererContext.hpp" />
    <ClInclude Include="Code\Include\Contexts\OpenGL\OpenGLContext.hpp" />
    <ClInclude Include="Code\Include\Contexts\Vulkan\VulkanContext.hpp" />
    <ClInclude Include="Code\Include\Contexts\DirectX\DirectXContext.hpp" />
  </ItemGroup>
</Project>